
Microsoft Visual Studio Solution File, Format Version 12.00
# Visual Studio Version 16
VisualStudioVersion = 16.0.30621.155
MinimumVisualStudioVersion = 10.0.40219.1
Project("{FAE04EC0-301F-11D3-BF4B-00C04F79EFBC}") = "SinifOrnekleri", "SinifOrnekleri\SinifOrnekleri.csproj", "{8A35026C-4C60-4480-90E2-D804D5C8FAEB}"
EndProject
Global
	GlobalSection(SolutionConfigurationPlatforms) = preSolution
		Debug|Any CPU = Debug|Any CPU
		Release|Any CPU = Release|Any CPU
	EndGlobalSection
	GlobalSection(ProjectConfigurationPlatforms) = postSolution
		{8A35026C-4C60-4480-90E2-D804D5C8FAEB}.Debug|Any CPU.ActiveCfg = Debug|Any CPU
		{8A35026C-4C60-4480-90E2-D804D5C8FAEB}.Debug|Any CPU.Build.0 = Debug|Any CPU
		{8A35026C-4C60-4480-90E2-D804D5C8FAEB}.Release|Any CPU.ActiveCfg = Release|Any CPU
		{8A35026C-4C60-4480-90E2-D804D5C8FAEB}.Release|Any CPU.Build.0 = Release|Any CPU
	EndGlobalSection
	GlobalSection(SolutionProperties) = preSolution
		HideSolutionNode = FALSE
	EndGlobalSection
	GlobalSection(ExtensibilityGlobals) = postSolution
		SolutionGuid = {BB65FB5F-05FB-4731-91EF-4C09CFF8588F}
	EndGlobalSection
EndGlobal
